// !$*UTF8*$!
{
	archiveVersion = 1;
	classes = {
	};
	objectVersion = 56;
	objects = {

/* Begin PBXBuildFile section */
		A7878ED72B8762C200D1897F /* AppDelegate.swift in Sources */ = {isa = PBXBuildFile; fileRef = A7878ED62B8762C200D1897F /* AppDelegate.swift */; };
		A7878ED92B8762C200D1897F /* SceneDelegate.swift in Sources */ = {isa = PBXBuildFile; fileRef = A7878ED82B8762C200D1897F /* SceneDelegate.swift */; };
		A7878EDB2B8762C200D1897F /* ViewController.swift in Sources */ = {isa = PBXBuildFile; fileRef = A7878EDA2B8762C200D1897F /* ViewController.swift */; };
		A7878EE02B8762C400D1897F /* Assets.xcassets in Resources */ = {isa = PBXBuildFile; fileRef = A7878EDF2B8762C400D1897F /* Assets.xcassets */; };
		A7878EE32B8762C400D1897F /* LaunchScreen.storyboard in Resources */ = {isa = PBXBuildFile; fileRef = A7878EE12B8762C400D1897F /* LaunchScreen.storyboard */; };
		A7878EEB2B87668800D1897F /* GoogleService-Info.plist in Resources */ = {isa = PBXBuildFile; fileRef = A7878EEA2B87668800D1897F /* GoogleService-Info.plist */; };
		A7878EEE2B8767B900D1897F /* FirebaseAnalytics in Frameworks */ = {isa = PBXBuildFile; productRef = A7878EED2B8767B900D1897F /* FirebaseAnalytics */; };
		A7878EF02B8767B900D1897F /* FirebaseAnalyticsOnDeviceConversion in Frameworks */ = {isa = PBXBuildFile; productRef = A7878EEF2B8767B900D1897F /* FirebaseAnalyticsOnDeviceConversion */; };
		A7878EF22B8767B900D1897F /* FirebaseAnalyticsSwift in Frameworks */ = {isa = PBXBuildFile; productRef = A7878EF12B8767B900D1897F /* FirebaseAnalyticsSwift */; };
		A7878EF42B8767B900D1897F /* FirebaseAnalyticsWithoutAdIdSupport in Frameworks */ = {isa = PBXBuildFile; productRef = A7878EF32B8767B900D1897F /* FirebaseAnalyticsWithoutAdIdSupport */; };
		A7878EF62B8767B900D1897F /* FirebaseAppCheck in Frameworks */ = {isa = PBXBuildFile; productRef = A7878EF52B8767B900D1897F /* FirebaseAppCheck */; };
		A7878EF82B8767F700D1897F /* FBmanager.swift in Sources */ = {isa = PBXBuildFile; fileRef = A7878EF72B8767F700D1897F /* FBmanager.swift */; };
		A7878EFB2B878B1A00D1897F /* FirebaseFirestore in Frameworks */ = {isa = PBXBuildFile; productRef = A7878EFA2B878B1A00D1897F /* FirebaseFirestore */; };
		A7878EFD2B878B9C00D1897F /* FirebaseFirestoreSwift in Frameworks */ = {isa = PBXBuildFile; productRef = A7878EFC2B878B9C00D1897F /* FirebaseFirestoreSwift */; };
		A7878EFF2B878F7900D1897F /* FirebaseFirestoreCombine-Community in Frameworks */ = {isa = PBXBuildFile; productRef = A7878EFE2B878F7900D1897F /* FirebaseFirestoreCombine-Community */; };
		A7878F012B878FF000D1897F /* FirebaseStorage in Frameworks */ = {isa = PBXBuildFile; productRef = A7878F002B878FF000D1897F /* FirebaseStorage */; };
		A7878F032B87900400D1897F /* FirebaseDatabase in Frameworks */ = {isa = PBXBuildFile; productRef = A7878F022B87900400D1897F /* FirebaseDatabase */; };
		A7878F052B87900C00D1897F /* FirebaseDatabaseSwift in Frameworks */ = {isa = PBXBuildFile; productRef = A7878F042B87900C00D1897F /* FirebaseDatabaseSwift */; };
		A7878F072B87902700D1897F /* FirebaseRemoteConfig in Frameworks */ = {isa = PBXBuildFile; productRef = A7878F062B87902700D1897F /* FirebaseRemoteConfig */; };
		A7878F092B87903400D1897F /* FirebaseRemoteConfigSwift in Frameworks */ = {isa = PBXBuildFile; productRef = A7878F082B87903400D1897F /* FirebaseRemoteConfigSwift */; };
		A7878F0B2B87903C00D1897F /* FirebaseStorageCombine-Community in Frameworks */ = {isa = PBXBuildFile; productRef = A7878F0A2B87903C00D1897F /* FirebaseStorageCombine-Community */; };
		A7878F0D2B87915B00D1897F /* FirebaseAppDistribution-Beta in Frameworks */ = {isa = PBXBuildFile; productRef = A7878F0C2B87915B00D1897F /* FirebaseAppDistribution-Beta */; };
		A7878F0F2B87915B00D1897F /* FirebaseAuth in Frameworks */ = {isa = PBXBuildFile; productRef = A7878F0E2B87915B00D1897F /* FirebaseAuth */; };
		A7878F112B87915B00D1897F /* FirebaseAuthCombine-Community in Frameworks */ = {isa = PBXBuildFile; productRef = A7878F102B87915B00D1897F /* FirebaseAuthCombine-Community */; };
		A7878F132B87915B00D1897F /* FirebaseCrashlytics in Frameworks */ = {isa = PBXBuildFile; productRef = A7878F122B87915B00D1897F /* FirebaseCrashlytics */; };
		A7878F152B87915B00D1897F /* FirebaseDynamicLinks in Frameworks */ = {isa = PBXBuildFile; productRef = A7878F142B87915B00D1897F /* FirebaseDynamicLinks */; };
		A7878F172B87915B00D1897F /* FirebaseFunctions in Frameworks */ = {isa = PBXBuildFile; productRef = A7878F162B87915B00D1897F /* FirebaseFunctions */; };
		A7878F192B87915B00D1897F /* FirebaseFunctionsCombine-Community in Frameworks */ = {isa = PBXBuildFile; productRef = A7878F182B87915B00D1897F /* FirebaseFunctionsCombine-Community */; };
		A7878F1B2B87915B00D1897F /* FirebaseInAppMessaging-Beta in Frameworks */ = {isa = PBXBuildFile; productRef = A7878F1A2B87915B00D1897F /* FirebaseInAppMessaging-Beta */; };
		A7878F1D2B87915B00D1897F /* FirebaseInAppMessagingSwift-Beta in Frameworks */ = {isa = PBXBuildFile; productRef = A7878F1C2B87915B00D1897F /* FirebaseInAppMessagingSwift-Beta */; };
		A7878F1F2B87915B00D1897F /* FirebaseInstallations in Frameworks */ = {isa = PBXBuildFile; productRef = A7878F1E2B87915B00D1897F /* FirebaseInstallations */; };
		A7878F212B87915B00D1897F /* FirebaseMessaging in Frameworks */ = {isa = PBXBuildFile; productRef = A7878F202B87915B00D1897F /* FirebaseMessaging */; };
		A7878F232B87915B00D1897F /* FirebaseMLModelDownloader in Frameworks */ = {isa = PBXBuildFile; productRef = A7878F222B87915B00D1897F /* FirebaseMLModelDownloader */; };
		A7878F252B87915B00D1897F /* FirebasePerformance in Frameworks */ = {isa = PBXBuildFile; productRef = A7878F242B87915B00D1897F /* FirebasePerformance */; };
		A7878F272B87ADE500D1897F /* LoginViewController.swift in Sources */ = {isa = PBXBuildFile; fileRef = A7878F262B87ADE500D1897F /* LoginViewController.swift */; };
		A7878F292B8850FE00D1897F /* MyExtensions.swift in Sources */ = {isa = PBXBuildFile; fileRef = A7878F282B8850FE00D1897F /* MyExtensions.swift */; };
/* End PBXBuildFile section */

/* Begin PBXFileReference section */
		A7878ED32B8762C200D1897F /* p5m3_9.1.app */ = {isa = PBXFileReference; explicitFileType = wrapper.application; includeInIndex = 0; path = p5m3_9.1.app; sourceTree = BUILT_PRODUCTS_DIR; };
		A7878ED62B8762C200D1897F /* AppDelegate.swift */ = {isa = PBXFileReference; lastKnownFileType = sourcecode.swift; path = AppDelegate.swift; sourceTree = "<group>"; };
		A7878ED82B8762C200D1897F /* SceneDelegate.swift */ = {isa = PBXFileReference; lastKnownFileType = sourcecode.swift; path = SceneDelegate.swift; sourceTree = "<group>"; };
		A7878EDA2B8762C200D1897F /* ViewController.swift */ = {isa = PBXFileReference; lastKnownFileType = sourcecode.swift; path = ViewController.swift; sourceTree = "<group>"; };
		A7878EDF2B8762C400D1897F /* Assets.xcassets */ = {isa = PBXFileReference; lastKnownFileType = folder.assetcatalog; path = Assets.xcassets; sourceTree = "<group>"; };
		A7878EE22B8762C400D1897F /* Base */ = {isa = PBXFileReference; lastKnownFileType = file.storyboard; name = Base; path = Base.lproj/LaunchScreen.storyboard; sourceTree = "<group>"; };
		A7878EE42B8762C400D1897F /* Info.plist */ = {isa = PBXFileReference; lastKnownFileType = text.plist.xml; path = Info.plist; sourceTree = "<group>"; };
		A7878EEA2B87668800D1897F /* GoogleService-Info.plist */ = {isa = PBXFileReference; fileEncoding = 4; lastKnownFileType = text.plist.xml; path = "GoogleService-Info.plist"; sourceTree = "<group>"; };
		A7878EF72B8767F700D1897F /* FBmanager.swift */ = {isa = PBXFileReference; lastKnownFileType = sourcecode.swift; path = FBmanager.swift; sourceTree = "<group>"; };
		A7878F262B87ADE500D1897F /* LoginViewController.swift */ = {isa = PBXFileReference; lastKnownFileType = sourcecode.swift; path = LoginViewController.swift; sourceTree = "<group>"; };
		A7878F282B8850FE00D1897F /* MyExtensions.swift */ = {isa = PBXFileReference; lastKnownFileType = sourcecode.swift; path = MyExtensions.swift; sourceTree = "<group>"; };
/* End PBXFileReference section */

/* Begin PBXFrameworksBuildPhase section */
		A7878ED02B8762C200D1897F /* Frameworks */ = {
			isa = PBXFrameworksBuildPhase;
			buildActionMask = 2147483647;
			files = (
				A7878F032B87900400D1897F /* FirebaseDatabase in Frameworks */,
				A7878EF22B8767B900D1897F /* FirebaseAnalyticsSwift in Frameworks */,
				A7878F252B87915B00D1897F /* FirebasePerformance in Frameworks */,
				A7878F0D2B87915B00D1897F /* FirebaseAppDistribution-Beta in Frameworks */,
				A7878F1F2B87915B00D1897F /* FirebaseInstallations in Frameworks */,
				A7878F112B87915B00D1897F /* FirebaseAuthCombine-Community in Frameworks */,
				A7878F1D2B87915B00D1897F /* FirebaseInAppMessagingSwift-Beta in Frameworks */,
				A7878EFF2B878F7900D1897F /* FirebaseFirestoreCombine-Community in Frameworks */,
				A7878F212B87915B00D1897F /* FirebaseMessaging in Frameworks */,
				A7878F072B87902700D1897F /* FirebaseRemoteConfig in Frameworks */,
				A7878F012B878FF000D1897F /* FirebaseStorage in Frameworks */,
				A7878F172B87915B00D1897F /* FirebaseFunctions in Frameworks */,
				A7878F232B87915B00D1897F /* FirebaseMLModelDownloader in Frameworks */,
				A7878EEE2B8767B900D1897F /* FirebaseAnalytics in Frameworks */,
				A7878EF02B8767B900D1897F /* FirebaseAnalyticsOnDeviceConversion in Frameworks */,
				A7878EFD2B878B9C00D1897F /* FirebaseFirestoreSwift in Frameworks */,
				A7878F0B2B87903C00D1897F /* FirebaseStorageCombine-Community in Frameworks */,
				A7878EF62B8767B900D1897F /* FirebaseAppCheck in Frameworks */,
				A7878F152B87915B00D1897F /* FirebaseDynamicLinks in Frameworks */,
				A7878F192B87915B00D1897F /* FirebaseFunctionsCombine-Community in Frameworks */,
				A7878F052B87900C00D1897F /* FirebaseDatabaseSwift in Frameworks */,
				A7878EF42B8767B900D1897F /* FirebaseAnalyticsWithoutAdIdSupport in Frameworks */,
				A7878F1B2B87915B00D1897F /* FirebaseInAppMessaging-Beta in Frameworks */,
				A7878EFB2B878B1A00D1897F /* FirebaseFirestore in Frameworks */,
				A7878F132B87915B00D1897F /* FirebaseCrashlytics in Frameworks */,
				A7878F092B87903400D1897F /* FirebaseRemoteConfigSwift in Frameworks */,
				A7878F0F2B87915B00D1897F /* FirebaseAuth in Frameworks */,
			);
			runOnlyForDeploymentPostprocessing = 0;
		};
/* End PBXFrameworksBuildPhase section */

/* Begin PBXGroup section */
		A7878ECA2B8762C200D1897F = {
			isa = PBXGroup;
			children = (
				A7878ED52B8762C200D1897F /* p5m3_9.1 */,
				A7878ED42B8762C200D1897F /* Products */,
				A7878EF92B878B1A00D1897F /* Frameworks */,
			);
			sourceTree = "<group>";
		};
		A7878ED42B8762C200D1897F /* Products */ = {
			isa = PBXGroup;
			children = (
				A7878ED32B8762C200D1897F /* p5m3_9.1.app */,
			);
			name = Products;
			sourceTree = "<group>";
		};
		A7878ED52B8762C200D1897F /* p5m3_9.1 */ = {
			isa = PBXGroup;
			children = (
				A7878F282B8850FE00D1897F /* MyExtensions.swift */,
				A7878EF72B8767F700D1897F /* FBmanager.swift */,
				A7878EDA2B8762C200D1897F /* ViewController.swift */,
				A7878F262B87ADE500D1897F /* LoginViewController.swift */,
				A7878ED62B8762C200D1897F /* AppDelegate.swift */,
				A7878ED82B8762C200D1897F /* SceneDelegate.swift */,
				A7878EDF2B8762C400D1897F /* Assets.xcassets */,
				A7878EE12B8762C400D1897F /* LaunchScreen.storyboard */,
				A7878EE42B8762C400D1897F /* Info.plist */,
				A7878EEA2B87668800D1897F /* GoogleService-Info.plist */,
			);
			path = p5m3_9.1;
			sourceTree = "<group>";
		};
		A7878EF92B878B1A00D1897F /* Frameworks */ = {
			isa = PBXGroup;
			children = (
			);
			name = Frameworks;
			sourceTree = "<group>";
		};
/* End PBXGroup section */

/* Begin PBXNativeTarget section */
		A7878ED22B8762C200D1897F /* p5m3_9.1 */ = {
			isa = PBXNativeTarget;
			buildConfigurationList = A7878EE72B8762C400D1897F /* Build configuration list for PBXNativeTarget "p5m3_9.1" */;
			buildPhases = (
				A7878ECF2B8762C200D1897F /* Sources */,
				A7878ED02B8762C200D1897F /* Frameworks */,
				A7878ED12B8762C200D1897F /* Resources */,
			);
			buildRules = (
			);
			dependencies = (
			);
			name = p5m3_9.1;
			packageProductDependencies = (
				A7878EED2B8767B900D1897F /* FirebaseAnalytics */,
				A7878EEF2B8767B900D1897F /* FirebaseAnalyticsOnDeviceConversion */,
				A7878EF12B8767B900D1897F /* FirebaseAnalyticsSwift */,
				A7878EF32B8767B900D1897F /* FirebaseAnalyticsWithoutAdIdSupport */,
				A7878EF52B8767B900D1897F /* FirebaseAppCheck */,
				A7878EFA2B878B1A00D1897F /* FirebaseFirestore */,
				A7878EFC2B878B9C00D1897F /* FirebaseFirestoreSwift */,
				A7878EFE2B878F7900D1897F /* FirebaseFirestoreCombine-Community */,
				A7878F002B878FF000D1897F /* FirebaseStorage */,
				A7878F022B87900400D1897F /* FirebaseDatabase */,
				A7878F042B87900C00D1897F /* FirebaseDatabaseSwift */,
				A7878F062B87902700D1897F /* FirebaseRemoteConfig */,
				A7878F082B87903400D1897F /* FirebaseRemoteConfigSwift */,
				A7878F0A2B87903C00D1897F /* FirebaseStorageCombine-Community */,
				A7878F0C2B87915B00D1897F /* FirebaseAppDistribution-Beta */,
				A7878F0E2B87915B00D1897F /* FirebaseAuth */,
				A7878F102B87915B00D1897F /* FirebaseAuthCombine-Community */,
				A7878F122B87915B00D1897F /* FirebaseCrashlytics */,
				A7878F142B87915B00D1897F /* FirebaseDynamicLinks */,
				A7878F162B87915B00D1897F /* FirebaseFunctions */,
				A7878F182B87915B00D1897F /* FirebaseFunctionsCombine-Community */,
				A7878F1A2B87915B00D1897F /* FirebaseInAppMessaging-Beta */,
				A7878F1C2B87915B00D1897F /* FirebaseInAppMessagingSwift-Beta */,
				A7878F1E2B87915B00D1897F /* FirebaseInstallations */,
				A7878F202B87915B00D1897F /* FirebaseMessaging */,
				A7878F222B87915B00D1897F /* FirebaseMLModelDownloader */,
				A7878F242B87915B00D1897F /* FirebasePerformance */,
			);
			productName = p5m3_9.1;
			productReference = A7878ED32B8762C200D1897F /* p5m3_9.1.app */;
			productType = "com.apple.product-type.application";
		};
/* End PBXNativeTarget section */

/* Begin PBXProject section */
		A7878ECB2B8762C200D1897F /* Project object */ = {
			isa = PBXProject;
			attributes = {
				BuildIndependentTargetsInParallel = 1;
				LastSwiftUpdateCheck = 1520;
				LastUpgradeCheck = 1520;
				TargetAttributes = {
					A7878ED22B8762C200D1897F = {
						CreatedOnToolsVersion = 15.2;
					};
				};
			};
			buildConfigurationList = A7878ECE2B8762C200D1897F /* Build configuration list for PBXProject "p5m3_9.1" */;
			compatibilityVersion = "Xcode 14.0";
			developmentRegion = en;
			hasScannedForEncodings = 0;
			knownRegions = (
				en,
				Base,
			);
			mainGroup = A7878ECA2B8762C200D1897F;
			packageReferences = (
				A7878EEC2B8767B900D1897F /* XCRemoteSwiftPackageReference "firebase-ios-sdk" */,
			);
			productRefGroup = A7878ED42B8762C200D1897F /* Products */;
			projectDirPath = "";
			projectRoot = "";
			targets = (
				A7878ED22B8762C200D1897F /* p5m3_9.1 */,
			);
		};
/* End PBXProject section */

/* Begin PBXResourcesBuildPhase section */
		A7878ED12B8762C200D1897F /* Resources */ = {
			isa = PBXResourcesBuildPhase;
			buildActionMask = 2147483647;
			files = (
				A7878EE32B8762C400D1897F /* LaunchScreen.storyboard in Resources */,
				A7878EEB2B87668800D1897F /* GoogleService-Info.plist in Resources */,
				A7878EE02B8762C400D1897F /* Assets.xcassets in Resources */,
			);
			runOnlyForDeploymentPostprocessing = 0;
		};
/* End PBXResourcesBuildPhase section */

/* Begin PBXSourcesBuildPhase section */
		A7878ECF2B8762C200D1897F /* Sources */ = {
			isa = PBXSourcesBuildPhase;
			buildActionMask = 2147483647;
			files = (
				A7878EDB2B8762C200D1897F /* ViewController.swift in Sources */,
				A7878EF82B8767F700D1897F /* FBmanager.swift in Sources */,
				A7878ED72B8762C200D1897F /* AppDelegate.swift in Sources */,
				A7878F292B8850FE00D1897F /* MyExtensions.swift in Sources */,
				A7878F272B87ADE500D1897F /* LoginViewController.swift in Sources */,
				A7878ED92B8762C200D1897F /* SceneDelegate.swift in Sources */,
			);
			runOnlyForDeploymentPostprocessing = 0;
		};
/* End PBXSourcesBuildPhase section */

/* Begin PBXVariantGroup section */
		A7878EE12B8762C400D1897F /* LaunchScreen.storyboard */ = {
			isa = PBXVariantGroup;
			children = (
				A7878EE22B8762C400D1897F /* Base */,
			);
			name = LaunchScreen.storyboard;
			sourceTree = "<group>";
		};
/* End PBXVariantGroup section */

/* Begin XCBuildConfiguration section */
		A7878EE52B8762C400D1897F /* Debug */ = {
			isa = XCBuildConfiguration;
			buildSettings = {
				ALWAYS_SEARCH_USER_PATHS = NO;
				ASSETCATALOG_COMPILER_GENERATE_SWIFT_ASSET_SYMBOL_EXTENSIONS = YES;
				CLANG_ANALYZER_NONNULL = YES;
				CLANG_ANALYZER_NUMBER_OBJECT_CONVERSION = YES_AGGRESSIVE;
				CLANG_CXX_LANGUAGE_STANDARD = "gnu++20";
				CLANG_ENABLE_MODULES = YES;
				CLANG_ENABLE_OBJC_ARC = YES;
				CLANG_ENABLE_OBJC_WEAK = YES;
				CLANG_WARN_BLOCK_CAPTURE_AUTORELEASING = YES;
				CLANG_WARN_BOOL_CONVERSION = YES;
				CLANG_WARN_COMMA = YES;
				CLANG_WARN_CONSTANT_CONVERSION = YES;
				CLANG_WARN_DEPRECATED_OBJC_IMPLEMENTATIONS = YES;
				CLANG_WARN_DIRECT_OBJC_ISA_USAGE = YES_ERROR;
				CLANG_WARN_DOCUMENTATION_COMMENTS = YES;
				CLANG_WARN_EMPTY_BODY = YES;
				CLANG_WARN_ENUM_CONVERSION = YES;
				CLANG_WARN_INFINITE_RECURSION = YES;
				CLANG_WARN_INT_CONVERSION = YES;
				CLANG_WARN_NON_LITERAL_NULL_CONVERSION = YES;
				CLANG_WARN_OBJC_IMPLICIT_RETAIN_SELF = YES;
				CLANG_WARN_OBJC_LITERAL_CONVERSION = YES;
				CLANG_WARN_OBJC_ROOT_CLASS = YES_ERROR;
				CLANG_WARN_QUOTED_INCLUDE_IN_FRAMEWORK_HEADER = YES;
				CLANG_WARN_RANGE_LOOP_ANALYSIS = YES;
				CLANG_WARN_STRICT_PROTOTYPES = YES;
				CLANG_WARN_SUSPICIOUS_MOVE = YES;
				CLANG_WARN_UNGUARDED_AVAILABILITY = YES_AGGRESSIVE;
				CLANG_WARN_UNREACHABLE_CODE = YES;
				CLANG_WARN__DUPLICATE_METHOD_MATCH = YES;
				COPY_PHASE_STRIP = NO;
				DEBUG_INFORMATION_FORMAT = dwarf;
				ENABLE_STRICT_OBJC_MSGSEND = YES;
				ENABLE_TESTABILITY = YES;
				ENABLE_USER_SCRIPT_SANDBOXING = YES;
				GCC_C_LANGUAGE_STANDARD = gnu17;
				GCC_DYNAMIC_NO_PIC = NO;
				GCC_NO_COMMON_BLOCKS = YES;
				GCC_OPTIMIZATION_LEVEL = 0;
				GCC_PREPROCESSOR_DEFINITIONS = (
					"DEBUG=1",
					"$(inherited)",
				);
				GCC_WARN_64_TO_32_BIT_CONVERSION = YES;
				GCC_WARN_ABOUT_RETURN_TYPE = YES_ERROR;
				GCC_WARN_UNDECLARED_SELECTOR = YES;
				GCC_WARN_UNINITIALIZED_AUTOS = YES_AGGRESSIVE;
				GCC_WARN_UNUSED_FUNCTION = YES;
				GCC_WARN_UNUSED_VARIABLE = YES;
				IPHONEOS_DEPLOYMENT_TARGET = 17.2;
				LOCALIZATION_PREFERS_STRING_CATALOGS = YES;
				MTL_ENABLE_DEBUG_INFO = INCLUDE_SOURCE;
				MTL_FAST_MATH = YES;
				ONLY_ACTIVE_ARCH = YES;
				SDKROOT = iphoneos;
				SWIFT_ACTIVE_COMPILATION_CONDITIONS = "DEBUG $(inherited)";
				SWIFT_OPTIMIZATION_LEVEL = "-Onone";
			};
			name = Debug;
		};
		A7878EE62B8762C400D1897F /* Release */ = {
			isa = XCBuildConfiguration;
			buildSettings = {
				ALWAYS_SEARCH_USER_PATHS = NO;
				ASSETCATALOG_COMPILER_GENERATE_SWIFT_ASSET_SYMBOL_EXTENSIONS = YES;
				CLANG_ANALYZER_NONNULL = YES;
				CLANG_ANALYZER_NUMBER_OBJECT_CONVERSION = YES_AGGRESSIVE;
				CLANG_CXX_LANGUAGE_STANDARD = "gnu++20";
				CLANG_ENABLE_MODULES = YES;
				CLANG_ENABLE_OBJC_ARC = YES;
				CLANG_ENABLE_OBJC_WEAK = YES;
				CLANG_WARN_BLOCK_CAPTURE_AUTORELEASING = YES;
				CLANG_WARN_BOOL_CONVERSION = YES;
				CLANG_WARN_COMMA = YES;
				CLANG_WARN_CONSTANT_CONVERSION = YES;
				CLANG_WARN_DEPRECATED_OBJC_IMPLEMENTATIONS = YES;
				CLANG_WARN_DIRECT_OBJC_ISA_USAGE = YES_ERROR;
				CLANG_WARN_DOCUMENTATION_COMMENTS = YES;
				CLANG_WARN_EMPTY_BODY = YES;
				CLANG_WARN_ENUM_CONVERSION = YES;
				CLANG_WARN_INFINITE_RECURSION = YES;
				CLANG_WARN_INT_CONVERSION = YES;
				CLANG_WARN_NON_LITERAL_NULL_CONVERSION = YES;
				CLANG_WARN_OBJC_IMPLICIT_RETAIN_SELF = YES;
				CLANG_WARN_OBJC_LITERAL_CONVERSION = YES;
				CLANG_WARN_OBJC_ROOT_CLASS = YES_ERROR;
				CLANG_WARN_QUOTED_INCLUDE_IN_FRAMEWORK_HEADER = YES;
				CLANG_WARN_RANGE_LOOP_ANALYSIS = YES;
				CLANG_WARN_STRICT_PROTOTYPES = YES;
				CLANG_WARN_SUSPICIOUS_MOVE = YES;
				CLANG_WARN_UNGUARDED_AVAILABILITY = YES_AGGRESSIVE;
				CLANG_WARN_UNREACHABLE_CODE = YES;
				CLANG_WARN__DUPLICATE_METHOD_MATCH = YES;
				COPY_PHASE_STRIP = NO;
				DEBUG_INFORMATION_FORMAT = "dwarf-with-dsym";
				ENABLE_NS_ASSERTIONS = NO;
				ENABLE_STRICT_OBJC_MSGSEND = YES;
				ENABLE_USER_SCRIPT_SANDBOXING = YES;
				GCC_C_LANGUAGE_STANDARD = gnu17;
				GCC_NO_COMMON_BLOCKS = YES;
				GCC_WARN_64_TO_32_BIT_CONVERSION = YES;
				GCC_WARN_ABOUT_RETURN_TYPE = YES_ERROR;
				GCC_WARN_UNDECLARED_SELECTOR = YES;
				GCC_WARN_UNINITIALIZED_AUTOS = YES_AGGRESSIVE;
				GCC_WARN_UNUSED_FUNCTION = YES;
				GCC_WARN_UNUSED_VARIABLE = YES;
				IPHONEOS_DEPLOYMENT_TARGET = 17.2;
				LOCALIZATION_PREFERS_STRING_CATALOGS = YES;
				MTL_ENABLE_DEBUG_INFO = NO;
				MTL_FAST_MATH = YES;
				SDKROOT = iphoneos;
				SWIFT_COMPILATION_MODE = wholemodule;
				VALIDATE_PRODUCT = YES;
			};
			name = Release;
		};
		A7878EE82B8762C400D1897F /* Debug */ = {
			isa = XCBuildConfiguration;
			buildSettings = {
				ASSETCATALOG_COMPILER_APPICON_NAME = AppIcon;
				ASSETCATALOG_COMPILER_GLOBAL_ACCENT_COLOR_NAME = AccentColor;
				CODE_SIGN_STYLE = Automatic;
				CURRENT_PROJECT_VERSION = 1;
				DEVELOPMENT_TEAM = L2V2FS26HA;
				GENERATE_INFOPLIST_FILE = YES;
				INFOPLIST_FILE = p5m3_9.1/Info.plist;
				INFOPLIST_KEY_UIApplicationSupportsIndirectInputEvents = YES;
				INFOPLIST_KEY_UILaunchStoryboardName = LaunchScreen;
				INFOPLIST_KEY_UISupportedInterfaceOrientations_iPad = "UIInterfaceOrientationPortrait UIInterfaceOrientationPortraitUpsideDown UIInterfaceOrientationLandscapeLeft UIInterfaceOrientationLandscapeRight";
				INFOPLIST_KEY_UISupportedInterfaceOrientations_iPhone = "UIInterfaceOrientationPortrait UIInterfaceOrientationLandscapeLeft UIInterfaceOrientationLandscapeRight";
				LD_RUNPATH_SEARCH_PATHS = (
					"$(inherited)",
					"@executable_path/Frameworks",
				);
				MARKETING_VERSION = 1.0;
				PRODUCT_BUNDLE_IDENTIFIER = "com.amina.tomas.mart.p5m3-9-1";
				PRODUCT_NAME = "$(TARGET_NAME)";
				SWIFT_EMIT_LOC_STRINGS = YES;
				SWIFT_VERSION = 5.0;
				TARGETED_DEVICE_FAMILY = "1,2";
			};
			name = Debug;
		};
		A7878EE92B8762C400D1897F /* Release */ = {
			isa = XCBuildConfiguration;
			buildSettings = {
				ASSETCATALOG_COMPILER_APPICON_NAME = AppIcon;
				ASSETCATALOG_COMPILER_GLOBAL_ACCENT_COLOR_NAME = AccentColor;
				CODE_SIGN_STYLE = Automatic;
				CURRENT_PROJECT_VERSION = 1;
				DEVELOPMENT_TEAM = L2V2FS26HA;
				GENERATE_INFOPLIST_FILE = YES;
				INFOPLIST_FILE = p5m3_9.1/Info.plist;
				INFOPLIST_KEY_UIApplicationSupportsIndirectInputEvents = YES;
				INFOPLIST_KEY_UILaunchStoryboardName = LaunchScreen;
				INFOPLIST_KEY_UISupportedInterfaceOrientations_iPad = "UIInterfaceOrientationPortrait UIInterfaceOrientationPortraitUpsideDown UIInterfaceOrientationLandscapeLeft UIInterfaceOrientationLandscapeRight";
				INFOPLIST_KEY_UISupportedInterfaceOrientations_iPhone = "UIInterfaceOrientationPortrait UIInterfaceOrientationLandscapeLeft UIInterfaceOrientationLandscapeRight";
				LD_RUNPATH_SEARCH_PATHS = (
					"$(inherited)",
					"@executable_path/Frameworks",
				);
				MARKETING_VERSION = 1.0;
				PRODUCT_BUNDLE_IDENTIFIER = "com.amina.tomas.mart.p5m3-9-1";
				PRODUCT_NAME = "$(TARGET_NAME)";
				SWIFT_EMIT_LOC_STRINGS = YES;
				SWIFT_VERSION = 5.0;
				TARGETED_DEVICE_FAMILY = "1,2";
			};
			name = Release;
		};
/* End XCBuildConfiguration section */

/* Begin XCConfigurationList section */
		A7878ECE2B8762C200D1897F /* Build configuration list for PBXProject "p5m3_9.1" */ = {
			isa = XCConfigurationList;
			buildConfigurations = (
				A7878EE52B8762C400D1897F /* Debug */,
				A7878EE62B8762C400D1897F /* Release */,
			);
			defaultConfigurationIsVisible = 0;
			defaultConfigurationName = Release;
		};
		A7878EE72B8762C400D1897F /* Build configuration list for PBXNativeTarget "p5m3_9.1" */ = {
			isa = XCConfigurationList;
			buildConfigurations = (
				A7878EE82B8762C400D1897F /* Debug */,
				A7878EE92B8762C400D1897F /* Release */,
			);
			defaultConfigurationIsVisible = 0;
			defaultConfigurationName = Release;
		};
/* End XCConfigurationList section */

/* Begin XCRemoteSwiftPackageReference section */
		A7878EEC2B8767B900D1897F /* XCRemoteSwiftPackageReference "firebase-ios-sdk" */ = {
			isa = XCRemoteSwiftPackageReference;
			repositoryURL = "https://github.com/firebase/firebase-ios-sdk";
			requirement = {
				kind = upToNextMajorVersion;
				minimumVersion = 10.21.0;
			};
		};
/* End XCRemoteSwiftPackageReference section */

/* Begin XCSwiftPackageProductDependency section */
		A7878EED2B8767B900D1897F /* FirebaseAnalytics */ = {
			isa = XCSwiftPackageProductDependency;
			package = A7878EEC2B8767B900D1897F /* XCRemoteSwiftPackageReference "firebase-ios-sdk" */;
			productName = FirebaseAnalytics;
		};
		A7878EEF2B8767B900D1897F /* FirebaseAnalyticsOnDeviceConversion */ = {
			isa = XCSwiftPackageProductDependency;
			package = A7878EEC2B8767B900D1897F /* XCRemoteSwiftPackageReference "firebase-ios-sdk" */;
			productName = FirebaseAnalyticsOnDeviceConversion;
		};
		A7878EF12B8767B900D1897F /* FirebaseAnalyticsSwift */ = {
			isa = XCSwiftPackageProductDependency;
			package = A7878EEC2B8767B900D1897F /* XCRemoteSwiftPackageReference "firebase-ios-sdk" */;
			productName = FirebaseAnalyticsSwift;
		};
		A7878EF32B8767B900D1897F /* FirebaseAnalyticsWithoutAdIdSupport */ = {
			isa = XCSwiftPackageProductDependency;
			package = A7878EEC2B8767B900D1897F /* XCRemoteSwiftPackageReference "firebase-ios-sdk" */;
			productName = FirebaseAnalyticsWithoutAdIdSupport;
		};
		A7878EF52B8767B900D1897F /* FirebaseAppCheck */ = {
			isa = XCSwiftPackageProductDependency;
			package = A7878EEC2B8767B900D1897F /* XCRemoteSwiftPackageReference "firebase-ios-sdk" */;
			productName = FirebaseAppCheck;
		};
		A7878EFA2B878B1A00D1897F /* FirebaseFirestore */ = {
			isa = XCSwiftPackageProductDependency;
			package = A7878EEC2B8767B900D1897F /* XCRemoteSwiftPackageReference "firebase-ios-sdk" */;
			productName = FirebaseFirestore;
		};
		A7878EFC2B878B9C00D1897F /* FirebaseFirestoreSwift */ = {
			isa = XCSwiftPackageProductDependency;
			package = A7878EEC2B8767B900D1897F /* XCRemoteSwiftPackageReference "firebase-ios-sdk" */;
			productName = FirebaseFirestoreSwift;
		};
		A7878EFE2B878F7900D1897F /* FirebaseFirestoreCombine-Community */ = {
			isa = XCSwiftPackageProductDependency;
			package = A7878EEC2B8767B900D1897F /* XCRemoteSwiftPackageReference "firebase-ios-sdk" */;
			productName = "FirebaseFirestoreCombine-Community";
		};
		A7878F002B878FF000D1897F /* FirebaseStorage */ = {
			isa = XCSwiftPackageProductDependency;
			package = A7878EEC2B8767B900D1897F /* XCRemoteSwiftPackageReference "firebase-ios-sdk" */;
			productName = FirebaseStorage;
		};
		A7878F022B87900400D1897F /* FirebaseDatabase */ = {
			isa = XCSwiftPackageProductDependency;
			package = A7878EEC2B8767B900D1897F /* XCRemoteSwiftPackageReference "firebase-ios-sdk" */;
			productName = FirebaseDatabase;
		};
		A7878F042B87900C00D1897F /* FirebaseDatabaseSwift */ = {
			isa = XCSwiftPackageProductDependency;
			package = A7878EEC2B8767B900D1897F /* XCRemoteSwiftPackageReference "firebase-ios-sdk" */;
			productName = FirebaseDatabaseSwift;
		};
		A7878F062B87902700D1897F /* FirebaseRemoteConfig */ = {
			isa = XCSwiftPackageProductDependency;
			package = A7878EEC2B8767B900D1897F /* XCRemoteSwiftPackageReference "firebase-ios-sdk" */;
			productName = FirebaseRemoteConfig;
		};
		A7878F082B87903400D1897F /* FirebaseRemoteConfigSwift */ = {
			isa = XCSwiftPackageProductDependency;
			package = A7878EEC2B8767B900D1897F /* XCRemoteSwiftPackageReference "firebase-ios-sdk" */;
			productName = FirebaseRemoteConfigSwift;
		};
		A7878F0A2B87903C00D1897F /* FirebaseStorageCombine-Community */ = {
			isa = XCSwiftPackageProductDependency;
			package = A7878EEC2B8767B900D1897F /* XCRemoteSwiftPackageReference "firebase-ios-sdk" */;
			productName = "FirebaseStorageCombine-Community";
		};
		A7878F0C2B87915B00D1897F /* FirebaseAppDistribution-Beta */ = {
			isa = XCSwiftPackageProductDependency;
			package = A7878EEC2B8767B900D1897F /* XCRemoteSwiftPackageReference "firebase-ios-sdk" */;
			productName = "FirebaseAppDistribution-Beta";
		};
		A7878F0E2B87915B00D1897F /* FirebaseAuth */ = {
			isa = XCSwiftPackageProductDependency;
			package = A7878EEC2B8767B900D1897F /* XCRemoteSwiftPackageReference "firebase-ios-sdk" */;
			productName = FirebaseAuth;
		};
		A7878F102B87915B00D1897F /* FirebaseAuthCombine-Community */ = {
			isa = XCSwiftPackageProductDependency;
			package = A7878EEC2B8767B900D1897F /* XCRemoteSwiftPackageReference "firebase-ios-sdk" */;
			productName = "FirebaseAuthCombine-Community";
		};
		A7878F122B87915B00D1897F /* FirebaseCrashlytics */ = {
			isa = XCSwiftPackageProductDependency;
			package = A7878EEC2B8767B900D1897F /* XCRemoteSwiftPackageReference "firebase-ios-sdk" */;
			productName = FirebaseCrashlytics;
		};
		A7878F142B87915B00D1897F /* FirebaseDynamicLinks */ = {
			isa = XCSwiftPackageProductDependency;
			package = A7878EEC2B8767B900D1897F /* XCRemoteSwiftPackageReference "firebase-ios-sdk" */;
			productName = FirebaseDynamicLinks;
		};
		A7878F162B87915B00D1897F /* FirebaseFunctions */ = {
			isa = XCSwiftPackageProductDependency;
			package = A7878EEC2B8767B900D1897F /* XCRemoteSwiftPackageReference "firebase-ios-sdk" */;
			productName = FirebaseFunctions;
		};
		A7878F182B87915B00D1897F /* FirebaseFunctionsCombine-Community */ = {
			isa = XCSwiftPackageProductDependency;
			package = A7878EEC2B8767B900D1897F /* XCRemoteSwiftPackageReference "firebase-ios-sdk" */;
			productName = "FirebaseFunctionsCombine-Community";
		};
		A7878F1A2B87915B00D1897F /* FirebaseInAppMessaging-Beta */ = {
			isa = XCSwiftPackageProductDependency;
			package = A7878EEC2B8767B900D1897F /* XCRemoteSwiftPackageReference "firebase-ios-sdk" */;
			productName = "FirebaseInAppMessaging-Beta";
		};
		A7878F1C2B87915B00D1897F /* FirebaseInAppMessagingSwift-Beta */ = {
			isa = XCSwiftPackageProductDependency;
			package = A7878EEC2B8767B900D1897F /* XCRemoteSwiftPackageReference "firebase-ios-sdk" */;
			productName = "FirebaseInAppMessagingSwift-Beta";
		};
		A7878F1E2B87915B00D1897F /* FirebaseInstallations */ = {
			isa = XCSwiftPackageProductDependency;
			package = A7878EEC2B8767B900D1897F /* XCRemoteSwiftPackageReference "firebase-ios-sdk" */;
			productName = FirebaseInstallations;
		};
		A7878F202B87915B00D1897F /* FirebaseMessaging */ = {
			isa = XCSwiftPackageProductDependency;
			package = A7878EEC2B8767B900D1897F /* XCRemoteSwiftPackageReference "firebase-ios-sdk" */;
			productName = FirebaseMessaging;
		};
		A7878F222B87915B00D1897F /* FirebaseMLModelDownloader */ = {
			isa = XCSwiftPackageProductDependency;
			package = A7878EEC2B8767B900D1897F /* XCRemoteSwiftPackageReference "firebase-ios-sdk" */;
			productName = FirebaseMLModelDownloader;
		};
		A7878F242B87915B00D1897F /* FirebasePerformance */ = {
			isa = XCSwiftPackageProductDependency;
			package = A7878EEC2B8767B900D1897F /* XCRemoteSwiftPackageReference "firebase-ios-sdk" */;
			productName = FirebasePerformance;
		};
/* End XCSwiftPackageProductDependency section */
	};
	rootObject = A7878ECB2B8762C200D1897F /* Project object */;
}
